
Microsoft Visual Studio Solution File, Format Version 12.00
# Visual Studio Version 16
VisualStudioVersion = 16.0.30804.86
MinimumVisualStudioVersion = 10.0.40219.1
Project("{FAE04EC0-301F-11D3-BF4B-00C04F79EFBC}") = "HotelListing", "HotelListing\HotelListing.csproj", "{DAA71FC9-9F58-4414-B644-2E2D2FEBC59A}"
EndProject
Global
	GlobalSection(SolutionConfigurationPlatforms) = preSolution
		Debug|Any CPU = Debug|Any CPU
		Release|Any CPU = Release|Any CPU
	EndGlobalSection
	GlobalSection(ProjectConfigurationPlatforms) = postSolution
		{DAA71FC9-9F58-4414-B644-2E2D2FEBC59A}.Debug|Any CPU.ActiveCfg = Debug|Any CPU
		{DAA71FC9-9F58-4414-B644-2E2D2FEBC59A}.Debug|Any CPU.Build.0 = Debug|Any CPU
		{DAA71FC9-9F58-4414-B644-2E2D2FEBC59A}.Release|Any CPU.ActiveCfg = Release|Any CPU
		{DAA71FC9-9F58-4414-B644-2E2D2FEBC59A}.Release|Any CPU.Build.0 = Release|Any CPU
	EndGlobalSection
	GlobalSection(SolutionProperties) = preSolution
		HideSolutionNode = FALSE
	EndGlobalSection
	GlobalSection(ExtensibilityGlobals) = postSolution
		SolutionGuid = {A4DBF072-DE56-4DBD-A707-7994E1313F3A}
	EndGlobalSection
EndGlobal
